
Microsoft Visual Studio Solution File, Format Version 12.00
# Visual Studio Version 16
VisualStudioVersion = 16.0.29123.89
MinimumVisualStudioVersion = 10.0.40219.1
Project("{FAE04EC0-301F-11D3-BF4B-00C04F79EFBC}") = "TelegramBotFramework", "TelegramBotFramework\TelegramBotFramework.csproj", "{05BFD5CC-49BC-4022-ABE9-06CE4C2DB315}"
EndProject
Global
	GlobalSection(SolutionConfigurationPlatforms) = preSolution
		Debug|Any CPU = Debug|Any CPU
		Release|Any CPU = Release|Any CPU
	EndGlobalSection
	GlobalSection(ProjectConfigurationPlatforms) = postSolution
		{05BFD5CC-49BC-4022-ABE9-06CE4C2DB315}.Debug|Any CPU.ActiveCfg = Debug|Any CPU
		{05BFD5CC-49BC-4022-ABE9-06CE4C2DB315}.Debug|Any CPU.Build.0 = Debug|Any CPU
		{05BFD5CC-49BC-4022-ABE9-06CE4C2DB315}.Release|Any CPU.ActiveCfg = Release|Any CPU
		{05BFD5CC-49BC-4022-ABE9-06CE4C2DB315}.Release|Any CPU.Build.0 = Release|Any CPU
	EndGlobalSection
	GlobalSection(SolutionProperties) = preSolution
		HideSolutionNode = FALSE
	EndGlobalSection
	GlobalSection(ExtensibilityGlobals) = postSolution
		SolutionGuid = {BF01308C-D9E8-408D-AF46-6F820F13A8F8}
	EndGlobalSection
EndGlobal
